// !$*UTF8*$!
{
	archiveVersion = 1;
	classes = {
	};
	objectVersion = 50;
	objects = {

/* Begin PBXBuildFile section */
		0228A641236BCBB700A6590D /* Checklist.swift in Sources */ = {isa = PBXBuildFile; fileRef = 0228A640236BCBB700A6590D /* Checklist.swift */; };
		0228A645236BECF700A6590D /* ListDetailViewController.swift in Sources */ = {isa = PBXBuildFile; fileRef = 0228A644236BECF700A6590D /* ListDetailViewController.swift */; };
		024107A3236ABBD900DAA96F /* AppDelegate.swift in Sources */ = {isa = PBXBuildFile; fileRef = 024107A2236ABBD900DAA96F /* AppDelegate.swift */; };
		024107A5236ABBD900DAA96F /* ChecklistsViewController.swift in Sources */ = {isa = PBXBuildFile; fileRef = 024107A4236ABBD900DAA96F /* ChecklistsViewController.swift */; };
		024107A8236ABBD900DAA96F /* Main.storyboard in Resources */ = {isa = PBXBuildFile; fileRef = 024107A6236ABBD900DAA96F /* Main.storyboard */; };
		024107AA236ABBDB00DAA96F /* Assets.xcassets in Resources */ = {isa = PBXBuildFile; fileRef = 024107A9236ABBDB00DAA96F /* Assets.xcassets */; };
		024107AD236ABBDB00DAA96F /* LaunchScreen.storyboard in Resources */ = {isa = PBXBuildFile; fileRef = 024107AB236ABBDB00DAA96F /* LaunchScreen.storyboard */; };
		024107B5236ADB3100DAA96F /* AddItemViewController.swift in Sources */ = {isa = PBXBuildFile; fileRef = 024107B4236ADB3100DAA96F /* AddItemViewController.swift */; };
		024107B7236B079800DAA96F /* ChecklistItem.swift in Sources */ = {isa = PBXBuildFile; fileRef = 024107B6236B079800DAA96F /* ChecklistItem.swift */; };
		024107B9236B2AE600DAA96F /* DataModel.swift in Sources */ = {isa = PBXBuildFile; fileRef = 024107B8236B2AE600DAA96F /* DataModel.swift */; };
		024107BB236B33BF00DAA96F /* AllListsViewController.swift in Sources */ = {isa = PBXBuildFile; fileRef = 024107BA236B33BF00DAA96F /* AllListsViewController.swift */; };
/* End PBXBuildFile section */

/* Begin PBXFileReference section */
		0228A640236BCBB700A6590D /* Checklist.swift */ = {isa = PBXFileReference; lastKnownFileType = sourcecode.swift; path = Checklist.swift; sourceTree = "<group>"; };
		0228A644236BECF700A6590D /* ListDetailViewController.swift */ = {isa = PBXFileReference; lastKnownFileType = sourcecode.swift; path = ListDetailViewController.swift; sourceTree = "<group>"; };
		0241079F236ABBD900DAA96F /* Checklist.app */ = {isa = PBXFileReference; explicitFileType = wrapper.application; includeInIndex = 0; path = Checklist.app; sourceTree = BUILT_PRODUCTS_DIR; };
		024107A2236ABBD900DAA96F /* AppDelegate.swift */ = {isa = PBXFileReference; lastKnownFileType = sourcecode.swift; path = AppDelegate.swift; sourceTree = "<group>"; };
		024107A4236ABBD900DAA96F /* ChecklistsViewController.swift */ = {isa = PBXFileReference; lastKnownFileType = sourcecode.swift; path = ChecklistsViewController.swift; sourceTree = "<group>"; };
		024107A7236ABBD900DAA96F /* Base */ = {isa = PBXFileReference; lastKnownFileType = file.storyboard; name = Base; path = Base.lproj/Main.storyboard; sourceTree = "<group>"; };
		024107A9236ABBDB00DAA96F /* Assets.xcassets */ = {isa = PBXFileReference; lastKnownFileType = folder.assetcatalog; path = Assets.xcassets; sourceTree = "<group>"; };
		024107AC236ABBDB00DAA96F /* Base */ = {isa = PBXFileReference; lastKnownFileType = file.storyboard; name = Base; path = Base.lproj/LaunchScreen.storyboard; sourceTree = "<group>"; };
		024107AE236ABBDB00DAA96F /* Info.plist */ = {isa = PBXFileReference; lastKnownFileType = text.plist.xml; path = Info.plist; sourceTree = "<group>"; };
		024107B4236ADB3100DAA96F /* AddItemViewController.swift */ = {isa = PBXFileReference; lastKnownFileType = sourcecode.swift; path = AddItemViewController.swift; sourceTree = "<group>"; };
		024107B6236B079800DAA96F /* ChecklistItem.swift */ = {isa = PBXFileReference; lastKnownFileType = sourcecode.swift; path = ChecklistItem.swift; sourceTree = "<group>"; };
		024107B8236B2AE600DAA96F /* DataModel.swift */ = {isa = PBXFileReference; lastKnownFileType = sourcecode.swift; path = DataModel.swift; sourceTree = "<group>"; };
		024107BA236B33BF00DAA96F /* AllListsViewController.swift */ = {isa = PBXFileReference; lastKnownFileType = sourcecode.swift; path = AllListsViewController.swift; sourceTree = "<group>"; };
/* End PBXFileReference section */

/* Begin PBXFrameworksBuildPhase section */
		0241079C236ABBD900DAA96F /* Frameworks */ = {
			isa = PBXFrameworksBuildPhase;
			buildActionMask = 2147483647;
			files = (
			);
			runOnlyForDeploymentPostprocessing = 0;
		};
/* End PBXFrameworksBuildPhase section */

/* Begin PBXGroup section */
		02410796236ABBD900DAA96F = {
			isa = PBXGroup;
			children = (
				024107A1236ABBD900DAA96F /* Checklist */,
				024107A0236ABBD900DAA96F /* Products */,
			);
			sourceTree = "<group>";
		};
		024107A0236ABBD900DAA96F /* Products */ = {
			isa = PBXGroup;
			children = (
				0241079F236ABBD900DAA96F /* Checklist.app */,
			);
			name = Products;
			sourceTree = "<group>";
		};
		024107A1236ABBD900DAA96F /* Checklist */ = {
			isa = PBXGroup;
			children = (
				024107A2236ABBD900DAA96F /* AppDelegate.swift */,
				024107A4236ABBD900DAA96F /* ChecklistsViewController.swift */,
				024107A6236ABBD900DAA96F /* Main.storyboard */,
				024107A9236ABBDB00DAA96F /* Assets.xcassets */,
				024107AB236ABBDB00DAA96F /* LaunchScreen.storyboard */,
				024107AE236ABBDB00DAA96F /* Info.plist */,
				024107B4236ADB3100DAA96F /* AddItemViewController.swift */,
				024107B6236B079800DAA96F /* ChecklistItem.swift */,
				024107B8236B2AE600DAA96F /* DataModel.swift */,
				024107BA236B33BF00DAA96F /* AllListsViewController.swift */,
				0228A640236BCBB700A6590D /* Checklist.swift */,
				0228A644236BECF700A6590D /* ListDetailViewController.swift */,
			);
			path = Checklist;
			sourceTree = "<group>";
		};
/* End PBXGroup section */

/* Begin PBXNativeTarget section */
		0241079E236ABBD900DAA96F /* Checklist */ = {
			isa = PBXNativeTarget;
			buildConfigurationList = 024107B1236ABBDB00DAA96F /* Build configuration list for PBXNativeTarget "Checklist" */;
			buildPhases = (
				0241079B236ABBD900DAA96F /* Sources */,
				0241079C236ABBD900DAA96F /* Frameworks */,
				0241079D236ABBD900DAA96F /* Resources */,
			);
			buildRules = (
			);
			dependencies = (
			);
			name = Checklist;
			productName = Checklist;
			productReference = 0241079F236ABBD900DAA96F /* Checklist.app */;
			productType = "com.apple.product-type.application";
		};
/* End PBXNativeTarget section */

/* Begin PBXProject section */
		02410797236ABBD900DAA96F /* Project object */ = {
			isa = PBXProject;
			attributes = {
				LastSwiftUpdateCheck = 1010;
				LastUpgradeCheck = 1010;
				ORGANIZATIONNAME = liufeismart;
				TargetAttributes = {
					0241079E236ABBD900DAA96F = {
						CreatedOnToolsVersion = 10.1;
					};
				};
			};
			buildConfigurationList = 0241079A236ABBD900DAA96F /* Build configuration list for PBXProject "Checklist" */;
			compatibilityVersion = "Xcode 9.3";
			developmentRegion = en;
			hasScannedForEncodings = 0;
			knownRegions = (
				en,
				Base,
			);
			mainGroup = 02410796236ABBD900DAA96F;
			productRefGroup = 024107A0236ABBD900DAA96F /* Products */;
			projectDirPath = "";
			projectRoot = "";
			targets = (
				0241079E236ABBD900DAA96F /* Checklist */,
			);
		};
/* End PBXProject section */

/* Begin PBXResourcesBuildPhase section */
		0241079D236ABBD900DAA96F /* Resources */ = {
			isa = PBXResourcesBuildPhase;
			buildActionMask = 2147483647;
			files = (
				024107AD236ABBDB00DAA96F /* LaunchScreen.storyboard in Resources */,
				024107AA236ABBDB00DAA96F /* Assets.xcassets in Resources */,
				024107A8236ABBD900DAA96F /* Main.storyboard in Resources */,
			);
			runOnlyForDeploymentPostprocessing = 0;
		};
/* End PBXResourcesBuildPhase section */

/* Begin PBXSourcesBuildPhase section */
		0241079B236ABBD900DAA96F /* Sources */ = {
			isa = PBXSourcesBuildPhase;
			buildActionMask = 2147483647;
			files = (
				024107B9236B2AE600DAA96F /* DataModel.swift in Sources */,
				024107A5236ABBD900DAA96F /* ChecklistsViewController.swift in Sources */,
				024107BB236B33BF00DAA96F /* AllListsViewController.swift in Sources */,
				024107A3236ABBD900DAA96F /* AppDelegate.swift in Sources */,
				024107B5236ADB3100DAA96F /* AddItemViewController.swift in Sources */,
				024107B7236B079800DAA96F /* ChecklistItem.swift in Sources */,
				0228A641236BCBB700A6590D /* Checklist.swift in Sources */,
				0228A645236BECF700A6590D /* ListDetailViewController.swift in Sources */,
			);
			runOnlyForDeploymentPostprocessing = 0;
		};
/* End PBXSourcesBuildPhase section */

/* Begin PBXVariantGroup section */
		024107A6236ABBD900DAA96F /* Main.storyboard */ = {
			isa = PBXVariantGroup;
			children = (
				024107A7236ABBD900DAA96F /* Base */,
			);
			name = Main.storyboard;
			sourceTree = "<group>";
		};
		024107AB236ABBDB00DAA96F /* LaunchScreen.storyboard */ = {
			isa = PBXVariantGroup;
			children = (
				024107AC236ABBDB00DAA96F /* Base */,
			);
			name = LaunchScreen.storyboard;
			sourceTree = "<group>";
		};
/* End PBXVariantGroup section */

/* Begin XCBuildConfiguration section */
		024107AF236ABBDB00DAA96F /* Debug */ = {
			isa = XCBuildConfiguration;
			buildSettings = {
				ALWAYS_SEARCH_USER_PATHS = NO;
				CLANG_ANALYZER_NONNULL = YES;
				CLANG_ANALYZER_NUMBER_OBJECT_CONVERSION = YES_AGGRESSIVE;
				CLANG_CXX_LANGUAGE_STANDARD = "gnu++14";
				CLANG_CXX_LIBRARY = "libc++";
				CLANG_ENABLE_MODULES = YES;
				CLANG_ENABLE_OBJC_ARC = YES;
				CLANG_ENABLE_OBJC_WEAK = YES;
				CLANG_WARN_BLOCK_CAPTURE_AUTORELEASING = YES;
				CLANG_WARN_BOOL_CONVERSION = YES;
				CLANG_WARN_COMMA = YES;
				CLANG_WARN_CONSTANT_CONVERSION = YES;
				CLANG_WARN_DEPRECATED_OBJC_IMPLEMENTATIONS = YES;
				CLANG_WARN_DIRECT_OBJC_ISA_USAGE = YES_ERROR;
				CLANG_WARN_DOCUMENTATION_COMMENTS = YES;
				CLANG_WARN_EMPTY_BODY = YES;
				CLANG_WARN_ENUM_CONVERSION = YES;
				CLANG_WARN_INFINITE_RECURSION = YES;
				CLANG_WARN_INT_CONVERSION = YES;
				CLANG_WARN_NON_LITERAL_NULL_CONVERSION = YES;
				CLANG_WARN_OBJC_IMPLICIT_RETAIN_SELF = YES;
				CLANG_WARN_OBJC_LITERAL_CONVERSION = YES;
				CLANG_WARN_OBJC_ROOT_CLASS = YES_ERROR;
				CLANG_WARN_RANGE_LOOP_ANALYSIS = YES;
				CLANG_WARN_STRICT_PROTOTYPES = YES;
				CLANG_WARN_SUSPICIOUS_MOVE = YES;
				CLANG_WARN_UNGUARDED_AVAILABILITY = YES_AGGRESSIVE;
				CLANG_WARN_UNREACHABLE_CODE = YES;
				CLANG_WARN__DUPLICATE_METHOD_MATCH = YES;
				CODE_SIGN_IDENTITY = "iPhone Developer";
				COPY_PHASE_STRIP = NO;
				DEBUG_INFORMATION_FORMAT = dwarf;
				ENABLE_STRICT_OBJC_MSGSEND = YES;
				ENABLE_TESTABILITY = YES;
				GCC_C_LANGUAGE_STANDARD = gnu11;
				GCC_DYNAMIC_NO_PIC = NO;
				GCC_NO_COMMON_BLOCKS = YES;
				GCC_OPTIMIZATION_LEVEL = 0;
				GCC_PREPROCESSOR_DEFINITIONS = (
					"DEBUG=1",
					"$(inherited)",
				);
				GCC_WARN_64_TO_32_BIT_CONVERSION = YES;
				GCC_WARN_ABOUT_RETURN_TYPE = YES_ERROR;
				GCC_WARN_UNDECLARED_SELECTOR = YES;
				GCC_WARN_UNINITIALIZED_AUTOS = YES_AGGRESSIVE;
				GCC_WARN_UNUSED_FUNCTION = YES;
				GCC_WARN_UNUSED_VARIABLE = YES;
				IPHONEOS_DEPLOYMENT_TARGET = 12.1;
				MTL_ENABLE_DEBUG_INFO = INCLUDE_SOURCE;
				MTL_FAST_MATH = YES;
				ONLY_ACTIVE_ARCH = YES;
				SDKROOT = iphoneos;
				SWIFT_ACTIVE_COMPILATION_CONDITIONS = DEBUG;
				SWIFT_OPTIMIZATION_LEVEL = "-Onone";
			};
			name = Debug;
		};
		024107B0236ABBDB00DAA96F /* Release */ = {
			isa = XCBuildConfiguration;
			buildSettings = {
				ALWAYS_SEARCH_USER_PATHS = NO;
				CLANG_ANALYZER_NONNULL = YES;
				CLANG_ANALYZER_NUMBER_OBJECT_CONVERSION = YES_AGGRESSIVE;
				CLANG_CXX_LANGUAGE_STANDARD = "gnu++14";
				CLANG_CXX_LIBRARY = "libc++";
				CLANG_ENABLE_MODULES = YES;
				CLANG_ENABLE_OBJC_ARC = YES;
				CLANG_ENABLE_OBJC_WEAK = YES;
				CLANG_WARN_BLOCK_CAPTURE_AUTORELEASING = YES;
				CLANG_WARN_BOOL_CONVERSION = YES;
				CLANG_WARN_COMMA = YES;
				CLANG_WARN_CONSTANT_CONVERSION = YES;
				CLANG_WARN_DEPRECATED_OBJC_IMPLEMENTATIONS = YES;
				CLANG_WARN_DIRECT_OBJC_ISA_USAGE = YES_ERROR;
				CLANG_WARN_DOCUMENTATION_COMMENTS = YES;
				CLANG_WARN_EMPTY_BODY = YES;
				CLANG_WARN_ENUM_CONVERSION = YES;
				CLANG_WARN_INFINITE_RECURSION = YES;
				CLANG_WARN_INT_CONVERSION = YES;
				CLANG_WARN_NON_LITERAL_NULL_CONVERSION = YES;
				CLANG_WARN_OBJC_IMPLICIT_RETAIN_SELF = YES;
				CLANG_WARN_OBJC_LITERAL_CONVERSION = YES;
				CLANG_WARN_OBJC_ROOT_CLASS = YES_ERROR;
				CLANG_WARN_RANGE_LOOP_ANALYSIS = YES;
				CLANG_WARN_STRICT_PROTOTYPES = YES;
				CLANG_WARN_SUSPICIOUS_MOVE = YES;
				CLANG_WARN_UNGUARDED_AVAILABILITY = YES_AGGRESSIVE;
				CLANG_WARN_UNREACHABLE_CODE = YES;
				CLANG_WARN__DUPLICATE_METHOD_MATCH = YES;
				CODE_SIGN_IDENTITY = "iPhone Developer";
				COPY_PHASE_STRIP = NO;
				DEBUG_INFORMATION_FORMAT = "dwarf-with-dsym";
				ENABLE_NS_ASSERTIONS = NO;
				ENABLE_STRICT_OBJC_MSGSEND = YES;
				GCC_C_LANGUAGE_STANDARD = gnu11;
				GCC_NO_COMMON_BLOCKS = YES;
				GCC_WARN_64_TO_32_BIT_CONVERSION = YES;
				GCC_WARN_ABOUT_RETURN_TYPE = YES_ERROR;
				GCC_WARN_UNDECLARED_SELECTOR = YES;
				GCC_WARN_UNINITIALIZED_AUTOS = YES_AGGRESSIVE;
				GCC_WARN_UNUSED_FUNCTION = YES;
				GCC_WARN_UNUSED_VARIABLE = YES;
				IPHONEOS_DEPLOYMENT_TARGET = 12.1;
				MTL_ENABLE_DEBUG_INFO = NO;
				MTL_FAST_MATH = YES;
				SDKROOT = iphoneos;
				SWIFT_COMPILATION_MODE = wholemodule;
				SWIFT_OPTIMIZATION_LEVEL = "-O";
				VALIDATE_PRODUCT = YES;
			};
			name = Release;
		};
		024107B2236ABBDB00DAA96F /* Debug */ = {
			isa = XCBuildConfiguration;
			buildSettings = {
				ASSETCATALOG_COMPILER_APPICON_NAME = AppIcon;
				CODE_SIGN_STYLE = Automatic;
				INFOPLIST_FILE = Checklist/Info.plist;
				LD_RUNPATH_SEARCH_PATHS = (
					"$(inherited)",
					"@executable_path/Frameworks",
				);
				PRODUCT_BUNDLE_IDENTIFIER = com.liueismart.Checklist;
				PRODUCT_NAME = "$(TARGET_NAME)";
				SWIFT_VERSION = 4.2;
				TARGETED_DEVICE_FAMILY = "1,2";
			};
			name = Debug;
		};
		024107B3236ABBDB00DAA96F /* Release */ = {
			isa = XCBuildConfiguration;
			buildSettings = {
				ASSETCATALOG_COMPILER_APPICON_NAME = AppIcon;
				CODE_SIGN_STYLE = Automatic;
				INFOPLIST_FILE = Checklist/Info.plist;
				LD_RUNPATH_SEARCH_PATHS = (
					"$(inherited)",
					"@executable_path/Frameworks",
				);
				PRODUCT_BUNDLE_IDENTIFIER = com.liueismart.Checklist;
				PRODUCT_NAME = "$(TARGET_NAME)";
				SWIFT_VERSION = 4.2;
				TARGETED_DEVICE_FAMILY = "1,2";
			};
			name = Release;
		};
/* End XCBuildConfiguration section */

/* Begin XCConfigurationList section */
		0241079A236ABBD900DAA96F /* Build configuration list for PBXProject "Checklist" */ = {
			isa = XCConfigurationList;
			buildConfigurations = (
				024107AF236ABBDB00DAA96F /* Debug */,
				024107B0236ABBDB00DAA96F /* Release */,
			);
			defaultConfigurationIsVisible = 0;
			defaultConfigurationName = Release;
		};
		024107B1236ABBDB00DAA96F /* Build configuration list for PBXNativeTarget "Checklist" */ = {
			isa = XCConfigurationList;
			buildConfigurations = (
				024107B2236ABBDB00DAA96F /* Debug */,
				024107B3236ABBDB00DAA96F /* Release */,
			);
			defaultConfigurationIsVisible = 0;
			defaultConfigurationName = Release;
		};
/* End XCConfigurationList section */
	};
	rootObject = 02410797236ABBD900DAA96F /* Project object */;
}
